// !$*UTF8*$!
{
	archiveVersion = 1;
	classes = {
	};
	objectVersion = 50;
	objects = {

/* Begin PBXBuildFile section */
		0C6FD7332272390B004E59E9 /* AppDelegate.swift in Sources */ = {isa = PBXBuildFile; fileRef = 0C6FD7322272390B004E59E9 /* AppDelegate.swift */; };
		0C6FD7352272390B004E59E9 /* ViewController.swift in Sources */ = {isa = PBXBuildFile; fileRef = 0C6FD7342272390B004E59E9 /* ViewController.swift */; };
		0C6FD7382272390B004E59E9 /* Main.storyboard in Resources */ = {isa = PBXBuildFile; fileRef = 0C6FD7362272390B004E59E9 /* Main.storyboard */; };
		0C6FD73A2272390E004E59E9 /* Assets.xcassets in Resources */ = {isa = PBXBuildFile; fileRef = 0C6FD7392272390E004E59E9 /* Assets.xcassets */; };
		0C6FD73D2272390E004E59E9 /* LaunchScreen.storyboard in Resources */ = {isa = PBXBuildFile; fileRef = 0C6FD73B2272390E004E59E9 /* LaunchScreen.storyboard */; };
		0C6FD7482272390F004E59E9 /* MultiGridViewTests.swift in Sources */ = {isa = PBXBuildFile; fileRef = 0C6FD7472272390F004E59E9 /* MultiGridViewTests.swift */; };
		0C6FD7532272390F004E59E9 /* MultiGridViewUITests.swift in Sources */ = {isa = PBXBuildFile; fileRef = 0C6FD7522272390F004E59E9 /* MultiGridViewUITests.swift */; };
/* End PBXBuildFile section */

/* Begin PBXContainerItemProxy section */
		0C6FD7442272390F004E59E9 /* PBXContainerItemProxy */ = {
			isa = PBXContainerItemProxy;
			containerPortal = 0C6FD7272272390B004E59E9 /* Project object */;
			proxyType = 1;
			remoteGlobalIDString = 0C6FD72E2272390B004E59E9;
			remoteInfo = MultiGridView;
		};
		0C6FD74F2272390F004E59E9 /* PBXContainerItemProxy */ = {
			isa = PBXContainerItemProxy;
			containerPortal = 0C6FD7272272390B004E59E9 /* Project object */;
			proxyType = 1;
			remoteGlobalIDString = 0C6FD72E2272390B004E59E9;
			remoteInfo = MultiGridView;
		};
/* End PBXContainerItemProxy section */

/* Begin PBXFileReference section */
		0C6FD72F2272390B004E59E9 /* MultiGridView.app */ = {isa = PBXFileReference; explicitFileType = wrapper.application; includeInIndex = 0; path = MultiGridView.app; sourceTree = BUILT_PRODUCTS_DIR; };
		0C6FD7322272390B004E59E9 /* AppDelegate.swift */ = {isa = PBXFileReference; lastKnownFileType = sourcecode.swift; path = AppDelegate.swift; sourceTree = "<group>"; };
		0C6FD7342272390B004E59E9 /* ViewController.swift */ = {isa = PBXFileReference; lastKnownFileType = sourcecode.swift; path = ViewController.swift; sourceTree = "<group>"; };
		0C6FD7372272390B004E59E9 /* Base */ = {isa = PBXFileReference; lastKnownFileType = file.storyboard; name = Base; path = Base.lproj/Main.storyboard; sourceTree = "<group>"; };
		0C6FD7392272390E004E59E9 /* Assets.xcassets */ = {isa = PBXFileReference; lastKnownFileType = folder.assetcatalog; path = Assets.xcassets; sourceTree = "<group>"; };
		0C6FD73C2272390E004E59E9 /* Base */ = {isa = PBXFileReference; lastKnownFileType = file.storyboard; name = Base; path = Base.lproj/LaunchScreen.storyboard; sourceTree = "<group>"; };
		0C6FD73E2272390E004E59E9 /* Info.plist */ = {isa = PBXFileReference; lastKnownFileType = text.plist.xml; path = Info.plist; sourceTree = "<group>"; };
		0C6FD7432272390F004E59E9 /* MultiGridViewTests.xctest */ = {isa = PBXFileReference; explicitFileType = wrapper.cfbundle; includeInIndex = 0; path = MultiGridViewTests.xctest; sourceTree = BUILT_PRODUCTS_DIR; };
		0C6FD7472272390F004E59E9 /* MultiGridViewTests.swift */ = {isa = PBXFileReference; lastKnownFileType = sourcecode.swift; path = MultiGridViewTests.swift; sourceTree = "<group>"; };
		0C6FD7492272390F004E59E9 /* Info.plist */ = {isa = PBXFileReference; lastKnownFileType = text.plist.xml; path = Info.plist; sourceTree = "<group>"; };
		0C6FD74E2272390F004E59E9 /* MultiGridViewUITests.xctest */ = {isa = PBXFileReference; explicitFileType = wrapper.cfbundle; includeInIndex = 0; path = MultiGridViewUITests.xctest; sourceTree = BUILT_PRODUCTS_DIR; };
		0C6FD7522272390F004E59E9 /* MultiGridViewUITests.swift */ = {isa = PBXFileReference; lastKnownFileType = sourcecode.swift; path = MultiGridViewUITests.swift; sourceTree = "<group>"; };
		0C6FD7542272390F004E59E9 /* Info.plist */ = {isa = PBXFileReference; lastKnownFileType = text.plist.xml; path = Info.plist; sourceTree = "<group>"; };
/* End PBXFileReference section */

/* Begin PBXFrameworksBuildPhase section */
		0C6FD72C2272390B004E59E9 /* Frameworks */ = {
			isa = PBXFrameworksBuildPhase;
			buildActionMask = 2147483647;
			files = (
			);
			runOnlyForDeploymentPostprocessing = 0;
		};
		0C6FD7402272390F004E59E9 /* Frameworks */ = {
			isa = PBXFrameworksBuildPhase;
			buildActionMask = 2147483647;
			files = (
			);
			runOnlyForDeploymentPostprocessing = 0;
		};
		0C6FD74B2272390F004E59E9 /* Frameworks */ = {
			isa = PBXFrameworksBuildPhase;
			buildActionMask = 2147483647;
			files = (
			);
			runOnlyForDeploymentPostprocessing = 0;
		};
/* End PBXFrameworksBuildPhase section */

/* Begin PBXGroup section */
		0C6FD7262272390B004E59E9 = {
			isa = PBXGroup;
			children = (
				0C6FD7312272390B004E59E9 /* MultiGridView */,
				0C6FD7462272390F004E59E9 /* MultiGridViewTests */,
				0C6FD7512272390F004E59E9 /* MultiGridViewUITests */,
				0C6FD7302272390B004E59E9 /* Products */,
			);
			sourceTree = "<group>";
		};
		0C6FD7302272390B004E59E9 /* Products */ = {
			isa = PBXGroup;
			children = (
				0C6FD72F2272390B004E59E9 /* MultiGridView.app */,
				0C6FD7432272390F004E59E9 /* MultiGridViewTests.xctest */,
				0C6FD74E2272390F004E59E9 /* MultiGridViewUITests.xctest */,
			);
			name = Products;
			sourceTree = "<group>";
		};
		0C6FD7312272390B004E59E9 /* MultiGridView */ = {
			isa = PBXGroup;
			children = (
				0C6FD7322272390B004E59E9 /* AppDelegate.swift */,
				0C6FD7342272390B004E59E9 /* ViewController.swift */,
				0C6FD7362272390B004E59E9 /* Main.storyboard */,
				0C6FD7392272390E004E59E9 /* Assets.xcassets */,
				0C6FD73B2272390E004E59E9 /* LaunchScreen.storyboard */,
				0C6FD73E2272390E004E59E9 /* Info.plist */,
			);
			path = MultiGridView;
			sourceTree = "<group>";
		};
		0C6FD7462272390F004E59E9 /* MultiGridViewTests */ = {
			isa = PBXGroup;
			children = (
				0C6FD7472272390F004E59E9 /* MultiGridViewTests.swift */,
				0C6FD7492272390F004E59E9 /* Info.plist */,
			);
			path = MultiGridViewTests;
			sourceTree = "<group>";
		};
		0C6FD7512272390F004E59E9 /* MultiGridViewUITests */ = {
			isa = PBXGroup;
			children = (
				0C6FD7522272390F004E59E9 /* MultiGridViewUITests.swift */,
				0C6FD7542272390F004E59E9 /* Info.plist */,
			);
			path = MultiGridViewUITests;
			sourceTree = "<group>";
		};
/* End PBXGroup section */

/* Begin PBXNativeTarget section */
		0C6FD72E2272390B004E59E9 /* MultiGridView */ = {
			isa = PBXNativeTarget;
			buildConfigurationList = 0C6FD7572272390F004E59E9 /* Build configuration list for PBXNativeTarget "MultiGridView" */;
			buildPhases = (
				0C6FD72B2272390B004E59E9 /* Sources */,
				0C6FD72C2272390B004E59E9 /* Frameworks */,
				0C6FD72D2272390B004E59E9 /* Resources */,
			);
			buildRules = (
			);
			dependencies = (
			);
			name = MultiGridView;
			productName = MultiGridView;
			productReference = 0C6FD72F2272390B004E59E9 /* MultiGridView.app */;
			productType = "com.apple.product-type.application";
		};
		0C6FD7422272390F004E59E9 /* MultiGridViewTests */ = {
			isa = PBXNativeTarget;
			buildConfigurationList = 0C6FD75A2272390F004E59E9 /* Build configuration list for PBXNativeTarget "MultiGridViewTests" */;
			buildPhases = (
				0C6FD73F2272390F004E59E9 /* Sources */,
				0C6FD7402272390F004E59E9 /* Frameworks */,
				0C6FD7412272390F004E59E9 /* Resources */,
			);
			buildRules = (
			);
			dependencies = (
				0C6FD7452272390F004E59E9 /* PBXTargetDependency */,
			);
			name = MultiGridViewTests;
			productName = MultiGridViewTests;
			productReference = 0C6FD7432272390F004E59E9 /* MultiGridViewTests.xctest */;
			productType = "com.apple.product-type.bundle.unit-test";
		};
		0C6FD74D2272390F004E59E9 /* MultiGridViewUITests */ = {
			isa = PBXNativeTarget;
			buildConfigurationList = 0C6FD75D2272390F004E59E9 /* Build configuration list for PBXNativeTarget "MultiGridViewUITests" */;
			buildPhases = (
				0C6FD74A2272390F004E59E9 /* Sources */,
				0C6FD74B2272390F004E59E9 /* Frameworks */,
				0C6FD74C2272390F004E59E9 /* Resources */,
			);
			buildRules = (
			);
			dependencies = (
				0C6FD7502272390F004E59E9 /* PBXTargetDependency */,
			);
			name = MultiGridViewUITests;
			productName = MultiGridViewUITests;
			productReference = 0C6FD74E2272390F004E59E9 /* MultiGridViewUITests.xctest */;
			productType = "com.apple.product-type.bundle.ui-testing";
		};
/* End PBXNativeTarget section */

/* Begin PBXProject section */
		0C6FD7272272390B004E59E9 /* Project object */ = {
			isa = PBXProject;
			attributes = {
				LastSwiftUpdateCheck = 1010;
				LastUpgradeCheck = 1010;
				ORGANIZATIONNAME = "Ben Allison";
				TargetAttributes = {
					0C6FD72E2272390B004E59E9 = {
						CreatedOnToolsVersion = 10.1;
					};
					0C6FD7422272390F004E59E9 = {
						CreatedOnToolsVersion = 10.1;
						TestTargetID = 0C6FD72E2272390B004E59E9;
					};
					0C6FD74D2272390F004E59E9 = {
						CreatedOnToolsVersion = 10.1;
						TestTargetID = 0C6FD72E2272390B004E59E9;
					};
				};
			};
			buildConfigurationList = 0C6FD72A2272390B004E59E9 /* Build configuration list for PBXProject "MultiGridView" */;
			compatibilityVersion = "Xcode 9.3";
			developmentRegion = en;
			hasScannedForEncodings = 0;
			knownRegions = (
				en,
				Base,
			);
			mainGroup = 0C6FD7262272390B004E59E9;
			productRefGroup = 0C6FD7302272390B004E59E9 /* Products */;
			projectDirPath = "";
			projectRoot = "";
			targets = (
				0C6FD72E2272390B004E59E9 /* MultiGridView */,
				0C6FD7422272390F004E59E9 /* MultiGridViewTests */,
				0C6FD74D2272390F004E59E9 /* MultiGridViewUITests */,
			);
		};
/* End PBXProject section */

/* Begin PBXResourcesBuildPhase section */
		0C6FD72D2272390B004E59E9 /* Resources */ = {
			isa = PBXResourcesBuildPhase;
			buildActionMask = 2147483647;
			files = (
				0C6FD73D2272390E004E59E9 /* LaunchScreen.storyboard in Resources */,
				0C6FD73A2272390E004E59E9 /* Assets.xcassets in Resources */,
				0C6FD7382272390B004E59E9 /* Main.storyboard in Resources */,
			);
			runOnlyForDeploymentPostprocessing = 0;
		};
		0C6FD7412272390F004E59E9 /* Resources */ = {
			isa = PBXResourcesBuildPhase;
			buildActionMask = 2147483647;
			files = (
			);
			runOnlyForDeploymentPostprocessing = 0;
		};
		0C6FD74C2272390F004E59E9 /* Resources */ = {
			isa = PBXResourcesBuildPhase;
			buildActionMask = 2147483647;
			files = (
			);
			runOnlyForDeploymentPostprocessing = 0;
		};
/* End PBXResourcesBuildPhase section */

/* Begin PBXSourcesBuildPhase section */
		0C6FD72B2272390B004E59E9 /* Sources */ = {
			isa = PBXSourcesBuildPhase;
			buildActionMask = 2147483647;
			files = (
				0C6FD7352272390B004E59E9 /* ViewController.swift in Sources */,
				0C6FD7332272390B004E59E9 /* AppDelegate.swift in Sources */,
			);
			runOnlyForDeploymentPostprocessing = 0;
		};
		0C6FD73F2272390F004E59E9 /* Sources */ = {
			isa = PBXSourcesBuildPhase;
			buildActionMask = 2147483647;
			files = (
				0C6FD7482272390F004E59E9 /* MultiGridViewTests.swift in Sources */,
			);
			runOnlyForDeploymentPostprocessing = 0;
		};
		0C6FD74A2272390F004E59E9 /* Sources */ = {
			isa = PBXSourcesBuildPhase;
			buildActionMask = 2147483647;
			files = (
				0C6FD7532272390F004E59E9 /* MultiGridViewUITests.swift in Sources */,
			);
			runOnlyForDeploymentPostprocessing = 0;
		};
/* End PBXSourcesBuildPhase section */

/* Begin PBXTargetDependency section */
		0C6FD7452272390F004E59E9 /* PBXTargetDependency */ = {
			isa = PBXTargetDependency;
			target = 0C6FD72E2272390B004E59E9 /* MultiGridView */;
			targetProxy = 0C6FD7442272390F004E59E9 /* PBXContainerItemProxy */;
		};
		0C6FD7502272390F004E59E9 /* PBXTargetDependency */ = {
			isa = PBXTargetDependency;
			target = 0C6FD72E2272390B004E59E9 /* MultiGridView */;
			targetProxy = 0C6FD74F2272390F004E59E9 /* PBXContainerItemProxy */;
		};
/* End PBXTargetDependency section */

/* Begin PBXVariantGroup section */
		0C6FD7362272390B004E59E9 /* Main.storyboard */ = {
			isa = PBXVariantGroup;
			children = (
				0C6FD7372272390B004E59E9 /* Base */,
			);
			name = Main.storyboard;
			sourceTree = "<group>";
		};
		0C6FD73B2272390E004E59E9 /* LaunchScreen.storyboard */ = {
			isa = PBXVariantGroup;
			children = (
				0C6FD73C2272390E004E59E9 /* Base */,
			);
			name = LaunchScreen.storyboard;
			sourceTree = "<group>";
		};
/* End PBXVariantGroup section */

/* Begin XCBuildConfiguration section */
		0C6FD7552272390F004E59E9 /* Debug */ = {
			isa = XCBuildConfiguration;
			buildSettings = {
				ALWAYS_SEARCH_USER_PATHS = NO;
				CLANG_ANALYZER_NONNULL = YES;
				CLANG_ANALYZER_NUMBER_OBJECT_CONVERSION = YES_AGGRESSIVE;
				CLANG_CXX_LANGUAGE_STANDARD = "gnu++14";
				CLANG_CXX_LIBRARY = "libc++";
				CLANG_ENABLE_MODULES = YES;
				CLANG_ENABLE_OBJC_ARC = YES;
				CLANG_ENABLE_OBJC_WEAK = YES;
				CLANG_WARN_BLOCK_CAPTURE_AUTORELEASING = YES;
				CLANG_WARN_BOOL_CONVERSION = YES;
				CLANG_WARN_COMMA = YES;
				CLANG_WARN_CONSTANT_CONVERSION = YES;
				CLANG_WARN_DEPRECATED_OBJC_IMPLEMENTATIONS = YES;
				CLANG_WARN_DIRECT_OBJC_ISA_USAGE = YES_ERROR;
				CLANG_WARN_DOCUMENTATION_COMMENTS = YES;
				CLANG_WARN_EMPTY_BODY = YES;
				CLANG_WARN_ENUM_CONVERSION = YES;
				CLANG_WARN_INFINITE_RECURSION = YES;
				CLANG_WARN_INT_CONVERSION = YES;
				CLANG_WARN_NON_LITERAL_NULL_CONVERSION = YES;
				CLANG_WARN_OBJC_IMPLICIT_RETAIN_SELF = YES;
				CLANG_WARN_OBJC_LITERAL_CONVERSION = YES;
				CLANG_WARN_OBJC_ROOT_CLASS = YES_ERROR;
				CLANG_WARN_RANGE_LOOP_ANALYSIS = YES;
				CLANG_WARN_STRICT_PROTOTYPES = YES;
				CLANG_WARN_SUSPICIOUS_MOVE = YES;
				CLANG_WARN_UNGUARDED_AVAILABILITY = YES_AGGRESSIVE;
				CLANG_WARN_UNREACHABLE_CODE = YES;
				CLANG_WARN__DUPLICATE_METHOD_MATCH = YES;
				CODE_SIGN_IDENTITY = "iPhone Developer";
				COPY_PHASE_STRIP = NO;
				DEBUG_INFORMATION_FORMAT = dwarf;
				ENABLE_STRICT_OBJC_MSGSEND = YES;
				ENABLE_TESTABILITY = YES;
				GCC_C_LANGUAGE_STANDARD = gnu11;
				GCC_DYNAMIC_NO_PIC = NO;
				GCC_NO_COMMON_BLOCKS = YES;
				GCC_OPTIMIZATION_LEVEL = 0;
				GCC_PREPROCESSOR_DEFINITIONS = (
					"DEBUG=1",
					"$(inherited)",
				);
				GCC_WARN_64_TO_32_BIT_CONVERSION = YES;
				GCC_WARN_ABOUT_RETURN_TYPE = YES_ERROR;
				GCC_WARN_UNDECLARED_SELECTOR = YES;
				GCC_WARN_UNINITIALIZED_AUTOS = YES_AGGRESSIVE;
				GCC_WARN_UNUSED_FUNCTION = YES;
				GCC_WARN_UNUSED_VARIABLE = YES;
				IPHONEOS_DEPLOYMENT_TARGET = 12.1;
				MTL_ENABLE_DEBUG_INFO = INCLUDE_SOURCE;
				MTL_FAST_MATH = YES;
				ONLY_ACTIVE_ARCH = YES;
				SDKROOT = iphoneos;
				SWIFT_ACTIVE_COMPILATION_CONDITIONS = DEBUG;
				SWIFT_OPTIMIZATION_LEVEL = "-Onone";
			};
			name = Debug;
		};
		0C6FD7562272390F004E59E9 /* Release */ = {
			isa = XCBuildConfiguration;
			buildSettings = {
				ALWAYS_SEARCH_USER_PATHS = NO;
				CLANG_ANALYZER_NONNULL = YES;
				CLANG_ANALYZER_NUMBER_OBJECT_CONVERSION = YES_AGGRESSIVE;
				CLANG_CXX_LANGUAGE_STANDARD = "gnu++14";
				CLANG_CXX_LIBRARY = "libc++";
				CLANG_ENABLE_MODULES = YES;
				CLANG_ENABLE_OBJC_ARC = YES;
				CLANG_ENABLE_OBJC_WEAK = YES;
				CLANG_WARN_BLOCK_CAPTURE_AUTORELEASING = YES;
				CLANG_WARN_BOOL_CONVERSION = YES;
				CLANG_WARN_COMMA = YES;
				CLANG_WARN_CONSTANT_CONVERSION = YES;
				CLANG_WARN_DEPRECATED_OBJC_IMPLEMENTATIONS = YES;
				CLANG_WARN_DIRECT_OBJC_ISA_USAGE = YES_ERROR;
				CLANG_WARN_DOCUMENTATION_COMMENTS = YES;
				CLANG_WARN_EMPTY_BODY = YES;
				CLANG_WARN_ENUM_CONVERSION = YES;
				CLANG_WARN_INFINITE_RECURSION = YES;
				CLANG_WARN_INT_CONVERSION = YES;
				CLANG_WARN_NON_LITERAL_NULL_CONVERSION = YES;
				CLANG_WARN_OBJC_IMPLICIT_RETAIN_SELF = YES;
				CLANG_WARN_OBJC_LITERAL_CONVERSION = YES;
				CLANG_WARN_OBJC_ROOT_CLASS = YES_ERROR;
				CLANG_WARN_RANGE_LOOP_ANALYSIS = YES;
				CLANG_WARN_STRICT_PROTOTYPES = YES;
				CLANG_WARN_SUSPICIOUS_MOVE = YES;
				CLANG_WARN_UNGUARDED_AVAILABILITY = YES_AGGRESSIVE;
				CLANG_WARN_UNREACHABLE_CODE = YES;
				CLANG_WARN__DUPLICATE_METHOD_MATCH = YES;
				CODE_SIGN_IDENTITY = "iPhone Developer";
				COPY_PHASE_STRIP = NO;
				DEBUG_INFORMATION_FORMAT = "dwarf-with-dsym";
				ENABLE_NS_ASSERTIONS = NO;
				ENABLE_STRICT_OBJC_MSGSEND = YES;
				GCC_C_LANGUAGE_STANDARD = gnu11;
				GCC_NO_COMMON_BLOCKS = YES;
				GCC_WARN_64_TO_32_BIT_CONVERSION = YES;
				GCC_WARN_ABOUT_RETURN_TYPE = YES_ERROR;
				GCC_WARN_UNDECLARED_SELECTOR = YES;
				GCC_WARN_UNINITIALIZED_AUTOS = YES_AGGRESSIVE;
				GCC_WARN_UNUSED_FUNCTION = YES;
				GCC_WARN_UNUSED_VARIABLE = YES;
				IPHONEOS_DEPLOYMENT_TARGET = 12.1;
				MTL_ENABLE_DEBUG_INFO = NO;
				MTL_FAST_MATH = YES;
				SDKROOT = iphoneos;
				SWIFT_COMPILATION_MODE = wholemodule;
				SWIFT_OPTIMIZATION_LEVEL = "-O";
				VALIDATE_PRODUCT = YES;
			};
			name = Release;
		};
		0C6FD7582272390F004E59E9 /* Debug */ = {
			isa = XCBuildConfiguration;
			buildSettings = {
				ASSETCATALOG_COMPILER_APPICON_NAME = AppIcon;
				CODE_SIGN_STYLE = Automatic;
				DEVELOPMENT_TEAM = 5F3CYQZ568;
				INFOPLIST_FILE = MultiGridView/Info.plist;
				LD_RUNPATH_SEARCH_PATHS = (
					"$(inherited)",
					"@executable_path/Frameworks",
				);
				PRODUCT_BUNDLE_IDENTIFIER = com.github.benski.MultiGridView;
				PRODUCT_NAME = "$(TARGET_NAME)";
				SWIFT_VERSION = 4.2;
				TARGETED_DEVICE_FAMILY = "1,2";
			};
			name = Debug;
		};
		0C6FD7592272390F004E59E9 /* Release */ = {
			isa = XCBuildConfiguration;
			buildSettings = {
				ASSETCATALOG_COMPILER_APPICON_NAME = AppIcon;
				CODE_SIGN_STYLE = Automatic;
				DEVELOPMENT_TEAM = 5F3CYQZ568;
				INFOPLIST_FILE = MultiGridView/Info.plist;
				LD_RUNPATH_SEARCH_PATHS = (
					"$(inherited)",
					"@executable_path/Frameworks",
				);
				PRODUCT_BUNDLE_IDENTIFIER = com.github.benski.MultiGridView;
				PRODUCT_NAME = "$(TARGET_NAME)";
				SWIFT_VERSION = 4.2;
				TARGETED_DEVICE_FAMILY = "1,2";
			};
			name = Release;
		};
		0C6FD75B2272390F004E59E9 /* Debug */ = {
			isa = XCBuildConfiguration;
			buildSettings = {
				ALWAYS_EMBED_SWIFT_STANDARD_LIBRARIES = YES;
				BUNDLE_LOADER = "$(TEST_HOST)";
				CODE_SIGN_STYLE = Automatic;
				DEVELOPMENT_TEAM = 5F3CYQZ568;
				INFOPLIST_FILE = MultiGridViewTests/Info.plist;
				LD_RUNPATH_SEARCH_PATHS = (
					"$(inherited)",
					"@executable_path/Frameworks",
					"@loader_path/Frameworks",
				);
				PRODUCT_BUNDLE_IDENTIFIER = com.github.benski.MultiGridViewTests;
				PRODUCT_NAME = "$(TARGET_NAME)";
				SWIFT_VERSION = 4.2;
				TARGETED_DEVICE_FAMILY = "1,2";
				TEST_HOST = "$(BUILT_PRODUCTS_DIR)/MultiGridView.app/MultiGridView";
			};
			name = Debug;
		};
		0C6FD75C2272390F004E59E9 /* Release */ = {
			isa = XCBuildConfiguration;
			buildSettings = {
				ALWAYS_EMBED_SWIFT_STANDARD_LIBRARIES = YES;
				BUNDLE_LOADER = "$(TEST_HOST)";
				CODE_SIGN_STYLE = Automatic;
				DEVELOPMENT_TEAM = 5F3CYQZ568;
				INFOPLIST_FILE = MultiGridViewTests/Info.plist;
				LD_RUNPATH_SEARCH_PATHS = (
					"$(inherited)",
					"@executable_path/Frameworks",
					"@loader_path/Frameworks",
				);
				PRODUCT_BUNDLE_IDENTIFIER = com.github.benski.MultiGridViewTests;
				PRODUCT_NAME = "$(TARGET_NAME)";
				SWIFT_VERSION = 4.2;
				TARGETED_DEVICE_FAMILY = "1,2";
				TEST_HOST = "$(BUILT_PRODUCTS_DIR)/MultiGridView.app/MultiGridView";
			};
			name = Release;
		};
		0C6FD75E2272390F004E59E9 /* Debug */ = {
			isa = XCBuildConfiguration;
			buildSettings = {
				ALWAYS_EMBED_SWIFT_STANDARD_LIBRARIES = YES;
				CODE_SIGN_STYLE = Automatic;
				DEVELOPMENT_TEAM = 5F3CYQZ568;
				INFOPLIST_FILE = MultiGridViewUITests/Info.plist;
				LD_RUNPATH_SEARCH_PATHS = (
					"$(inherited)",
					"@executable_path/Frameworks",
					"@loader_path/Frameworks",
				);
				PRODUCT_BUNDLE_IDENTIFIER = com.github.benski.MultiGridViewUITests;
				PRODUCT_NAME = "$(TARGET_NAME)";
				SWIFT_VERSION = 4.2;
				TARGETED_DEVICE_FAMILY = "1,2";
				TEST_TARGET_NAME = MultiGridView;
			};
			name = Debug;
		};
		0C6FD75F2272390F004E59E9 /* Release */ = {
			isa = XCBuildConfiguration;
			buildSettings = {
				ALWAYS_EMBED_SWIFT_STANDARD_LIBRARIES = YES;
				CODE_SIGN_STYLE = Automatic;
				DEVELOPMENT_TEAM = 5F3CYQZ568;
				INFOPLIST_FILE = MultiGridViewUITests/Info.plist;
				LD_RUNPATH_SEARCH_PATHS = (
					"$(inherited)",
					"@executable_path/Frameworks",
					"@loader_path/Frameworks",
				);
				PRODUCT_BUNDLE_IDENTIFIER = com.github.benski.MultiGridViewUITests;
				PRODUCT_NAME = "$(TARGET_NAME)";
				SWIFT_VERSION = 4.2;
				TARGETED_DEVICE_FAMILY = "1,2";
				TEST_TARGET_NAME = MultiGridView;
			};
			name = Release;
		};
/* End XCBuildConfiguration section */

/* Begin XCConfigurationList section */
		0C6FD72A2272390B004E59E9 /* Build configuration list for PBXProject "MultiGridView" */ = {
			isa = XCConfigurationList;
			buildConfigurations = (
				0C6FD7552272390F004E59E9 /* Debug */,
				0C6FD7562272390F004E59E9 /* Release */,
			);
			defaultConfigurationIsVisible = 0;
			defaultConfigurationName = Release;
		};
		0C6FD7572272390F004E59E9 /* Build configuration list for PBXNativeTarget "MultiGridView" */ = {
			isa = XCConfigurationList;
			buildConfigurations = (
				0C6FD7582272390F004E59E9 /* Debug */,
				0C6FD7592272390F004E59E9 /* Release */,
			);
			defaultConfigurationIsVisible = 0;
			defaultConfigurationName = Release;
		};
		0C6FD75A2272390F004E59E9 /* Build configuration list for PBXNativeTarget "MultiGridViewTests" */ = {
			isa = XCConfigurationList;
			buildConfigurations = (
				0C6FD75B2272390F004E59E9 /* Debug */,
				0C6FD75C2272390F004E59E9 /* Release */,
			);
			defaultConfigurationIsVisible = 0;
			defaultConfigurationName = Release;
		};
		0C6FD75D2272390F004E59E9 /* Build configuration list for PBXNativeTarget "MultiGridViewUITests" */ = {
			isa = XCConfigurationList;
			buildConfigurations = (
				0C6FD75E2272390F004E59E9 /* Debug */,
				0C6FD75F2272390F004E59E9 /* Release */,
			);
			defaultConfigurationIsVisible = 0;
			defaultConfigurationName = Release;
		};
/* End XCConfigurationList section */
	};
	rootObject = 0C6FD7272272390B004E59E9 /* Project object */;
}
